lockfileVersion: 5.3

specifiers:
  '@codemirror/autocomplete': ^0.19.15
  '@codemirror/basic-setup': ^0.19.3
  '@codemirror/highlight': ^0.19.8
  '@codemirror/language': ^0.19.10
  '@lezer/common': ^0.15.12
  '@lezer/generator': ^0.15.4
  '@lezer/lr': ^0.15.8
  '@rollup/plugin-node-resolve': ^13.2.0
  codemirror: ^5.65.2
  rollup: ^2.70.1

dependencies:
  '@codemirror/autocomplete': 0.19.15
  '@codemirror/basic-setup': 0.19.3
  '@codemirror/highlight': 0.19.8
  '@codemirror/language': 0.19.10
  '@lezer/common': 0.15.12
  '@lezer/generator': 0.15.4
  '@lezer/lr': 0.15.8
  '@rollup/plugin-node-resolve': 13.2.0_rollup@2.70.1
  codemirror: 5.65.2
  rollup: 2.70.1

packages:

  /@codemirror/autocomplete/0.19.15:
    resolution: {integrity: sha512-GQWzvvuXxNUyaEk+5gawbAD8s51/v2Chb++nx0e2eGWrphWk42isBtzOMdc3DxrxrZtPZ55q2ldNp+6G8KJLIQ==}
    dependencies:
      '@codemirror/language': 0.19.10
      '@codemirror/state': 0.19.9
      '@codemirror/text': 0.19.6
      '@codemirror/tooltip': 0.19.16
      '@codemirror/view': 0.19.48
      '@lezer/common': 0.15.12
    dev: false

  /@codemirror/basic-setup/0.19.3:
    resolution: {integrity: sha512-2hfO+QDk/HTpQzeYk1NyL1G9D5L7Sj78dtaQP8xBU42DKU9+OBPF5MdjLYnxP0jKzm6IfQfsLd89fnqW3rBVfQ==}
    dependencies:
      '@codemirror/autocomplete': 0.19.15
      '@codemirror/closebrackets': 0.19.2
      '@codemirror/commands': 0.19.8
      '@codemirror/comment': 0.19.1
      '@codemirror/fold': 0.19.3
      '@codemirror/gutter': 0.19.9
      '@codemirror/highlight': 0.19.8
      '@codemirror/history': 0.19.2
      '@codemirror/language': 0.19.10
      '@codemirror/lint': 0.19.6
      '@codemirror/matchbrackets': 0.19.4
      '@codemirror/rectangular-selection': 0.19.2
      '@codemirror/search': 0.19.10
      '@codemirror/state': 0.19.9
      '@codemirror/view': 0.19.48
    dev: false

  /@codemirror/closebrackets/0.19.2:
    resolution: {integrity: sha512-ClMPzPcPP0eQiDcVjtVPl6OLxgdtZSYDazsvT0AKl70V1OJva0eHgl4/6kCW3RZ0pb2n34i9nJz4eXCmK+TYDA==}
    dependencies:
      '@codemirror/language': 0.19.10
      '@codemirror/rangeset': 0.19.9
      '@codemirror/state': 0.19.9
      '@codemirror/text': 0.19.6
      '@codemirror/view': 0.19.48
    dev: false

  /@codemirror/commands/0.19.8:
    resolution: {integrity: sha512-65LIMSGUGGpY3oH6mzV46YWRrgao6NmfJ+AuC7jNz3K5NPnH6GCV1H5I6SwOFyVbkiygGyd0EFwrWqywTBD1aw==}
    dependencies:
      '@codemirror/language': 0.19.10
      '@codemirror/matchbrackets': 0.19.4
      '@codemirror/state': 0.19.9
      '@codemirror/text': 0.19.6
      '@codemirror/view': 0.19.48
      '@lezer/common': 0.15.12
    dev: false

  /@codemirror/comment/0.19.1:
    resolution: {integrity: sha512-uGKteBuVWAC6fW+Yt8u27DOnXMT/xV4Ekk2Z5mRsiADCZDqYvryrJd6PLL5+8t64BVyocwQwNfz1UswYS2CtFQ==}
    dependencies:
      '@codemirror/state': 0.19.9
      '@codemirror/text': 0.19.6
      '@codemirror/view': 0.19.48
    dev: false

  /@codemirror/fold/0.19.3:
    resolution: {integrity: sha512-8hT+Eq2G68mL0yPRvSD2ewhnLQAX6sbUJmtGVKFcj8oAXtfpYCX8LIcfXsuI19Qs7gZkOSpqZvn+KKj8IhZoAw==}
    dependencies:
      '@codemirror/gutter': 0.19.9
      '@codemirror/language': 0.19.10
      '@codemirror/rangeset': 0.19.9
      '@codemirror/state': 0.19.9
      '@codemirror/view': 0.19.48
    dev: false

  /@codemirror/gutter/0.19.9:
    resolution: {integrity: sha512-PFrtmilahin1g6uL27aG5tM/rqR9DZzZYZsIrCXA5Uc2OFTFqx4owuhoU9hqfYxHp5ovfvBwQ+txFzqS4vog6Q==}
    dependencies:
      '@codemirror/rangeset': 0.19.9
      '@codemirror/state': 0.19.9
      '@codemirror/view': 0.19.48
    dev: false

  /@codemirror/highlight/0.19.8:
    resolution: {integrity: sha512-v/lzuHjrYR8MN2mEJcUD6fHSTXXli9C1XGYpr+ElV6fLBIUhMTNKR3qThp611xuWfXfwDxeL7ppcbkM/MzPV3A==}
    dependencies:
      '@codemirror/language': 0.19.10
      '@codemirror/rangeset': 0.19.9
      '@codemirror/state': 0.19.9
      '@codemirror/view': 0.19.48
      '@lezer/common': 0.15.12
      style-mod: 4.0.0
    dev: false

  /@codemirror/history/0.19.2:
    resolution: {integrity: sha512-unhP4t3N2smzmHoo/Yio6ueWi+il8gm9VKrvi6wlcdGH5fOfVDNkmjHQ495SiR+EdOG35+3iNebSPYww0vN7ow==}
    dependencies:
      '@codemirror/state': 0.19.9
      '@codemirror/view': 0.19.48
    dev: false

  /@codemirror/language/0.19.10:
    resolution: {integrity: sha512-yA0DZ3RYn2CqAAGW62VrU8c4YxscMQn45y/I9sjBlqB1e2OTQLg4CCkMBuMSLXk4xaqjlsgazeOQWaJQOKfV8Q==}
    dependencies:
      '@codemirror/state': 0.19.9
      '@codemirror/text': 0.19.6
      '@codemirror/view': 0.19.48
      '@lezer/common': 0.15.12
      '@lezer/lr': 0.15.8
    dev: false

  /@codemirror/lint/0.19.6:
    resolution: {integrity: sha512-Pbw1Y5kHVs2J+itQ0uez3dI4qY9ApYVap7eNfV81x1/3/BXgBkKfadaw0gqJ4h4FDG7OnJwb0VbPsjJQllHjaA==}
    dependencies:
      '@codemirror/gutter': 0.19.9
      '@codemirror/panel': 0.19.1
      '@codemirror/rangeset': 0.19.9
      '@codemirror/state': 0.19.9
      '@codemirror/tooltip': 0.19.16
      '@codemirror/view': 0.19.48
      crelt: 1.0.5
    dev: false

  /@codemirror/matchbrackets/0.19.4:
    resolution: {integrity: sha512-VFkaOKPNudAA5sGP1zikRHCEKU0hjYmkKpr04pybUpQvfTvNJXlReCyP0rvH/1iEwAGPL990ZTT+QrLdu4MeEA==}
    dependencies:
      '@codemirror/language': 0.19.10
      '@codemirror/state': 0.19.9
      '@codemirror/view': 0.19.48
      '@lezer/common': 0.15.12
    dev: false

  /@codemirror/panel/0.19.1:
    resolution: {integrity: sha512-sYeOCMA3KRYxZYJYn5PNlt9yNsjy3zTNTrbYSfVgjgL9QomIVgOJWPO5hZ2sTN8lufO6lw0vTBsIPL9MSidmBg==}
    dependencies:
      '@codemirror/state': 0.19.9
      '@codemirror/view': 0.19.48
    dev: false

  /@codemirror/rangeset/0.19.9:
    resolution: {integrity: sha512-V8YUuOvK+ew87Xem+71nKcqu1SXd5QROMRLMS/ljT5/3MCxtgrRie1Cvild0G/Z2f1fpWxzX78V0U4jjXBorBQ==}
    dependencies:
      '@codemirror/state': 0.19.9
    dev: false

  /@codemirror/rectangular-selection/0.19.2:
    resolution: {integrity: sha512-AXK/p5eGwFJ9GJcLfntqN4dgY+XiIF7eHfXNQJX5HhQLSped2wJE6WuC1rMEaOlcpOqlb9mrNi/ZdUjSIj9mbA==}
    dependencies:
      '@codemirror/state': 0.19.9
      '@codemirror/text': 0.19.6
      '@codemirror/view': 0.19.48
    dev: false

  /@codemirror/search/0.19.10:
    resolution: {integrity: sha512-qjubm69HJixPBWzI6HeEghTWOOD8NXiHOTRNvdizqs8xWRuFChq9zkjD3XiAJ7GXSTzCuQJnAP9DBBGCLq4ZIA==}
    dependencies:
      '@codemirror/panel': 0.19.1
      '@codemirror/rangeset': 0.19.9
      '@codemirror/state': 0.19.9
      '@codemirror/text': 0.19.6
      '@codemirror/view': 0.19.48
      crelt: 1.0.5
    dev: false

  /@codemirror/state/0.19.9:
    resolution: {integrity: sha512-psOzDolKTZkx4CgUqhBQ8T8gBc0xN5z4gzed109aF6x7D7umpDRoimacI/O6d9UGuyl4eYuDCZmDFr2Rq7aGOw==}
    dependencies:
      '@codemirror/text': 0.19.6
    dev: false

  /@codemirror/text/0.19.6:
    resolution: {integrity: sha512-T9jnREMIygx+TPC1bOuepz18maGq/92q2a+n4qTqObKwvNMg+8cMTslb8yxeEDEq7S3kpgGWxgO1UWbQRij0dA==}
    dev: false

  /@codemirror/tooltip/0.19.16:
    resolution: {integrity: sha512-zxKDHryUV5/RS45AQL+wOeN+i7/l81wK56OMnUPoTSzCWNITfxHn7BToDsjtrRKbzHqUxKYmBnn/4hPjpZ4WJQ==}
    dependencies:
      '@codemirror/state': 0.19.9
      '@codemirror/view': 0.19.48
    dev: false

  /@codemirror/view/0.19.48:
    resolution: {integrity: sha512-0eg7D2Nz4S8/caetCTz61rK0tkHI17V/d15Jy0kLOT8dTLGGNJUponDnW28h2B6bERmPlVHKh8MJIr5OCp1nGw==}
    dependencies:
      '@codemirror/rangeset': 0.19.9
      '@codemirror/state': 0.19.9
      '@codemirror/text': 0.19.6
      style-mod: 4.0.0
      w3c-keyname: 2.2.4
    dev: false

  /@lezer/common/0.15.12:
    resolution: {integrity: sha512-edfwCxNLnzq5pBA/yaIhwJ3U3Kz8VAUOTRg0hhxaizaI1N+qxV7EXDv/kLCkLeq2RzSFvxexlaj5Mzfn2kY0Ig==}
    dev: false

  /@lezer/generator/0.15.4:
    resolution: {integrity: sha512-9bBwU2TzKMBQ6OCEDevuMNWGOBKlkq5YIGEhjrz9pb3MLb+oYYR4dVFZ7ehwLcDoSecsSA7PdlAy0thJO5pt2w==}
    hasBin: true
    dependencies:
      '@lezer/common': 0.15.12
      '@lezer/lr': 0.15.8
    dev: false

  /@lezer/lr/0.15.8:
    resolution: {integrity: sha512-bM6oE6VQZ6hIFxDNKk8bKPa14hqFrV07J/vHGOeiAbJReIaQXmkVb6xQu4MR+JBTLa5arGRyAAjJe1qaQt3Uvg==}
    dependencies:
      '@lezer/common': 0.15.12
    dev: false

  /@rollup/plugin-node-resolve/13.2.0_rollup@2.70.1:
    resolution: {integrity: sha512-GuUIUyIKq7EjQxB51XSn6zPHYo+cILQQBYOGYvFFNxws2OVOqCBShAoof2hFrV8bAZzZGDBDQ8m2iUt8SLOUkg==}
    engines: {node: '>= 10.0.0'}
    peerDependencies:
      rollup: ^2.42.0
    dependencies:
      '@rollup/pluginutils': 3.1.0_rollup@2.70.1
      '@types/resolve': 1.17.1
      builtin-modules: 3.2.0
      deepmerge: 4.2.2
      is-module: 1.0.0
      resolve: 1.22.0
      rollup: 2.70.1
    dev: false

  /@rollup/pluginutils/3.1.0_rollup@2.70.1:
    resolution: {integrity: sha512-GksZ6pr6TpIjHm8h9lSQ8pi8BE9VeubNT0OMJ3B5uZJ8pz73NPiqOtCog/x2/QzM1ENChPKxMDhiQuRHsqc+lg==}
    engines: {node: '>= 8.0.0'}
    peerDependencies:
      rollup: ^1.20.0||^2.0.0
    dependencies:
      '@types/estree': 0.0.39
      estree-walker: 1.0.1
      picomatch: 2.3.1
      rollup: 2.70.1
    dev: false

  /@types/estree/0.0.39:
    resolution: {integrity: sha512-EYNwp3bU+98cpU4lAWYYL7Zz+2gryWH1qbdDTidVd6hkiR6weksdbMadyXKXNPEkQFhXM+hVO9ZygomHXp+AIw==}
    dev: false

  /@types/node/17.0.23:
    resolution: {integrity: sha512-UxDxWn7dl97rKVeVS61vErvw086aCYhDLyvRQZ5Rk65rZKepaFdm53GeqXaKBuOhED4e9uWq34IC3TdSdJJ2Gw==}
    dev: false

  /@types/resolve/1.17.1:
    resolution: {integrity: sha512-yy7HuzQhj0dhGpD8RLXSZWEkLsV9ibvxvi6EiJ3bkqLAO1RGo0WbkWQiwpRlSFymTJRz0d3k5LM3kkx8ArDbLw==}
    dependencies:
      '@types/node': 17.0.23
    dev: false

  /builtin-modules/3.2.0:
    resolution: {integrity: sha512-lGzLKcioL90C7wMczpkY0n/oART3MbBa8R9OFGE1rJxoVI86u4WAGfEk8Wjv10eKSyTHVGkSo3bvBylCEtk7LA==}
    engines: {node: '>=6'}
    dev: false

  /codemirror/5.65.2:
    resolution: {integrity: sha512-SZM4Zq7XEC8Fhroqe3LxbEEX1zUPWH1wMr5zxiBuiUF64iYOUH/JI88v4tBag8MiBS8B8gRv8O1pPXGYXQ4ErA==}
    dev: false

  /crelt/1.0.5:
    resolution: {integrity: sha512-+BO9wPPi+DWTDcNYhr/W90myha8ptzftZT+LwcmUbbok0rcP/fequmFYCw8NMoH7pkAZQzU78b3kYrlua5a9eA==}
    dev: false

  /deepmerge/4.2.2:
    resolution: {integrity: sha512-FJ3UgI4gIl+PHZm53knsuSFpE+nESMr7M4v9QcgB7S63Kj/6WqMiFQJpBBYz1Pt+66bZpP3Q7Lye0Oo9MPKEdg==}
    engines: {node: '>=0.10.0'}
    dev: false

  /estree-walker/1.0.1:
    resolution: {integrity: sha512-1fMXF3YP4pZZVozF8j/ZLfvnR8NSIljt56UhbZ5PeeDmmGHpgpdwQt7ITlGvYaQukCvuBRMLEiKiYC+oeIg4cg==}
    dev: false

  /fsevents/2.3.2:
    resolution: {integrity: sha512-xiqMQR4xAeHTuB9uWm+fFRcIOgKBMiOBP+eXiyT7jsgVCq1bkVygt00oASowB7EdtpOHaaPgKt812P9ab+DDKA==}
    engines: {node: ^8.16.0 || ^10.6.0 || >=11.0.0}
    os: [darwin]
    requiresBuild: true
    dev: false
    optional: true

  /function-bind/1.1.1:
    resolution: {integrity: sha512-yIovAzMX49sF8Yl58fSCWJ5svSLuaibPxXQJFLmBObTuCr0Mf1KiPopGM9NiFjiYBCbfaa2Fh6breQ6ANVTI0A==}
    dev: false

  /has/1.0.3:
    resolution: {integrity: sha512-f2dvO0VU6Oej7RkWJGrehjbzMAjFp5/VKPp5tTpWIV4JHHZK1/BxbFRtf/siA2SWTe09caDmVtYYzWEIbBS4zw==}
    engines: {node: '>= 0.4.0'}
    dependencies:
      function-bind: 1.1.1
    dev: false

  /is-core-module/2.8.1:
    resolution: {integrity: sha512-SdNCUs284hr40hFTFP6l0IfZ/RSrMXF3qgoRHd3/79unUTvrFO/JoXwkGm+5J/Oe3E/b5GsnG330uUNgRpu1PA==}
    dependencies:
      has: 1.0.3
    dev: false

  /is-module/1.0.0:
    resolution: {integrity: sha1-Mlj7afeMFNW4FdZkM2tM/7ZEFZE=}
    dev: false

  /path-parse/1.0.7:
    resolution: {integrity: sha512-LDJzPVEEEPR+y48z93A0Ed0yXb8pAByGWo/k5YYdYgpY2/2EsOsksJrq7lOHxryrVOn1ejG6oAp8ahvOIQD8sw==}
    dev: false

  /picomatch/2.3.1:
    resolution: {integrity: sha512-JU3teHTNjmE2VCGFzuY8EXzCDVwEqB2a8fsIvwaStHhAWJEeVd1o1QD80CU6+ZdEXXSLbSsuLwJjkCBWqRQUVA==}
    engines: {node: '>=8.6'}
    dev: false

  /resolve/1.22.0:
    resolution: {integrity: sha512-Hhtrw0nLeSrFQ7phPp4OOcVjLPIeMnRlr5mcnVuMe7M/7eBn98A3hmFRLoFo3DLZkivSYwhRUJTyPyWAk56WLw==}
    hasBin: true
    dependencies:
      is-core-module: 2.8.1
      path-parse: 1.0.7
      supports-preserve-symlinks-flag: 1.0.0
    dev: false

  /rollup/2.70.1:
    resolution: {integrity: sha512-CRYsI5EuzLbXdxC6RnYhOuRdtz4bhejPMSWjsFLfVM/7w/85n2szZv6yExqUXsBdz5KT8eoubeyDUDjhLHEslA==}
    engines: {node: '>=10.0.0'}
    hasBin: true
    optionalDependencies:
      fsevents: 2.3.2
    dev: false

  /style-mod/4.0.0:
    resolution: {integrity: sha512-OPhtyEjyyN9x3nhPsu76f52yUGXiZcgvsrFVtvTkyGRQJ0XK+GPc6ov1z+lRpbeabka+MYEQxOYRnt5nF30aMw==}
    dev: false

  /supports-preserve-symlinks-flag/1.0.0:
    resolution: {integrity: sha512-ot0WnXS9fgdkgIcePe6RHNk1WA8+muPa6cSjeR3V8K27q9BB1rTE3R1p7Hv0z1ZyAc8s6Vvv8DIyWf681MAt0w==}
    engines: {node: '>= 0.4'}
    dev: false

  /w3c-keyname/2.2.4:
    resolution: {integrity: sha512-tOhfEwEzFLJzf6d1ZPkYfGj+FWhIpBux9ppoP3rlclw3Z0BZv3N7b7030Z1kYth+6rDuAsXUFr+d0VE6Ed1ikw==}
    dev: false
